{
  "name": "social-net",
  "lockfileVersion": 3,
  "requires": true,
  "packages": {
    "": {
      "dependencies": {
        "@bem-react/classname": "^1.6.0"
      }
    },
    "node_modules/@bem-react/classname": {
      "version": "1.6.0",
      "resolved": "https://registry.npmjs.org/@bem-react/classname/-/classname-1.6.0.tgz",
      "integrity": "sha512-SFBwUHMcb7TFFK5ld88+JhecoEun3/kHZ6KvLDjj3w5hv/tfRV8mtGHA8N42uMctXLF4bPEcr96xwXXcRFuweg=="
    }
  }
}
